
Microsoft Visual Studio Solution File, Format Version 12.00
# Visual Studio Version 17
VisualStudioVersion = 17.3.32922.545
MinimumVisualStudioVersion = 10.0.40219.1
Project("{FAE04EC0-301F-11D3-BF4B-00C04F79EFBC}") = "FileIO_Operation", "FileIO_Operation\FileIO_Operation.csproj", "{DD788170-C9AB-403C-AF1C-9FDC49C93384}"
EndProject
Global
	GlobalSection(SolutionConfigurationPlatforms) = preSolution
		Debug|Any CPU = Debug|Any CPU
		Release|Any CPU = Release|Any CPU
	EndGlobalSection
	GlobalSection(ProjectConfigurationPlatforms) = postSolution
		{DD788170-C9AB-403C-AF1C-9FDC49C93384}.Debug|Any CPU.ActiveCfg = Debug|Any CPU
		{DD788170-C9AB-403C-AF1C-9FDC49C93384}.Debug|Any CPU.Build.0 = Debug|Any CPU
		{DD788170-C9AB-403C-AF1C-9FDC49C93384}.Release|Any CPU.ActiveCfg = Release|Any CPU
		{DD788170-C9AB-403C-AF1C-9FDC49C93384}.Release|Any CPU.Build.0 = Release|Any CPU
	EndGlobalSection
	GlobalSection(SolutionProperties) = preSolution
		HideSolutionNode = FALSE
	EndGlobalSection
	GlobalSection(ExtensibilityGlobals) = postSolution
		SolutionGuid = {9C310C12-EB3C-49A5-A6F6-A7593798AE9A}
	EndGlobalSection
EndGlobal
